
Microsoft Visual Studio Solution File, Format Version 12.00
# Visual Studio Version 17
VisualStudioVersion = 17.3.32825.248
MinimumVisualStudioVersion = 10.0.40219.1
Project("{2150E333-8FDC-42A3-9474-1A3956D46DE8}") = "FrontEnd", "FrontEnd", "{F16C4997-489A-4F75-92CB-06AAE19B6327}"
EndProject
Project("{9A19103F-16F7-4668-BE54-9A1E7A4F7556}") = "Mango.Web", "Mango.Web\Mango.Web.csproj", "{DC48B46C-F52B-4147-9FBE-8CBC0BEB6F04}"
EndProject
Project("{2150E333-8FDC-42A3-9474-1A3956D46DE8}") = "Services", "Services", "{DFAE188F-8843-452D-B404-A5F2DEFF3A0E}"
EndProject
Project("{9A19103F-16F7-4668-BE54-9A1E7A4F7556}") = "Mango.Services.ProductAPI", "Mango.Services.ProductAPI\Mango.Services.ProductAPI.csproj", "{85AF7696-7DBF-438F-A6C6-73BE456915E7}"
EndProject
Project("{9A19103F-16F7-4668-BE54-9A1E7A4F7556}") = "Mango.Services.Identity", "Mango.Services.Identity\Mango.Services.Identity.csproj", "{DCA867E9-2676-4E9A-A65D-B2E7225C49D0}"
EndProject
Project("{9A19103F-16F7-4668-BE54-9A1E7A4F7556}") = "Mango.Services.ShoppingCartAPI", "Mango.Services.ShoppingCartAPI\Mango.Services.ShoppingCartAPI.csproj", "{277BE9B0-D1BD-47D1-935C-0495C017241A}"
EndProject
Project("{9A19103F-16F7-4668-BE54-9A1E7A4F7556}") = "mango.Services.CouponAPI", "mango.Services.CouponAPI\mango.Services.CouponAPI.csproj", "{E120428C-4800-4A59-ADAD-F3C605572E71}"
EndProject
Project("{2150E333-8FDC-42A3-9474-1A3956D46DE8}") = "Integration", "Integration", "{74801AD8-4B9F-4817-B1E6-40FA92C63C39}"
EndProject
Project("{9A19103F-16F7-4668-BE54-9A1E7A4F7556}") = "Mango.MessageBus", "Mango.MessageBus\Mango.MessageBus.csproj", "{88B0A64D-20C2-40E0-9E0E-424E52121BD6}"
EndProject
Project("{FAE04EC0-301F-11D3-BF4B-00C04F79EFBC}") = "Mango.Services.OrderAPI", "Mango.Services.OrderAPI\Mango.Services.OrderAPI.csproj", "{182322C5-8204-486A-A5DC-ECDE1F89FEC8}"
EndProject
Global
	GlobalSection(SolutionConfigurationPlatforms) = preSolution
		Debug|Any CPU = Debug|Any CPU
		Release|Any CPU = Release|Any CPU
	EndGlobalSection
	GlobalSection(ProjectConfigurationPlatforms) = postSolution
		{DC48B46C-F52B-4147-9FBE-8CBC0BEB6F04}.Debug|Any CPU.ActiveCfg = Debug|Any CPU
		{DC48B46C-F52B-4147-9FBE-8CBC0BEB6F04}.Debug|Any CPU.Build.0 = Debug|Any CPU
		{DC48B46C-F52B-4147-9FBE-8CBC0BEB6F04}.Release|Any CPU.ActiveCfg = Release|Any CPU
		{DC48B46C-F52B-4147-9FBE-8CBC0BEB6F04}.Release|Any CPU.Build.0 = Release|Any CPU
		{85AF7696-7DBF-438F-A6C6-73BE456915E7}.Debug|Any CPU.ActiveCfg = Debug|Any CPU
		{85AF7696-7DBF-438F-A6C6-73BE456915E7}.Debug|Any CPU.Build.0 = Debug|Any CPU
		{85AF7696-7DBF-438F-A6C6-73BE456915E7}.Release|Any CPU.ActiveCfg = Release|Any CPU
		{85AF7696-7DBF-438F-A6C6-73BE456915E7}.Release|Any CPU.Build.0 = Release|Any CPU
		{DCA867E9-2676-4E9A-A65D-B2E7225C49D0}.Debug|Any CPU.ActiveCfg = Debug|Any CPU
		{DCA867E9-2676-4E9A-A65D-B2E7225C49D0}.Debug|Any CPU.Build.0 = Debug|Any CPU
		{DCA867E9-2676-4E9A-A65D-B2E7225C49D0}.Release|Any CPU.ActiveCfg = Release|Any CPU
		{DCA867E9-2676-4E9A-A65D-B2E7225C49D0}.Release|Any CPU.Build.0 = Release|Any CPU
		{277BE9B0-D1BD-47D1-935C-0495C017241A}.Debug|Any CPU.ActiveCfg = Debug|Any CPU
		{277BE9B0-D1BD-47D1-935C-0495C017241A}.Debug|Any CPU.Build.0 = Debug|Any CPU
		{277BE9B0-D1BD-47D1-935C-0495C017241A}.Release|Any CPU.ActiveCfg = Release|Any CPU
		{277BE9B0-D1BD-47D1-935C-0495C017241A}.Release|Any CPU.Build.0 = Release|Any CPU
		{E120428C-4800-4A59-ADAD-F3C605572E71}.Debug|Any CPU.ActiveCfg = Debug|Any CPU
		{E120428C-4800-4A59-ADAD-F3C605572E71}.Debug|Any CPU.Build.0 = Debug|Any CPU
		{E120428C-4800-4A59-ADAD-F3C605572E71}.Release|Any CPU.ActiveCfg = Release|Any CPU
		{E120428C-4800-4A59-ADAD-F3C605572E71}.Release|Any CPU.Build.0 = Release|Any CPU
		{88B0A64D-20C2-40E0-9E0E-424E52121BD6}.Debug|Any CPU.ActiveCfg = Debug|Any CPU
		{88B0A64D-20C2-40E0-9E0E-424E52121BD6}.Debug|Any CPU.Build.0 = Debug|Any CPU
		{88B0A64D-20C2-40E0-9E0E-424E52121BD6}.Release|Any CPU.ActiveCfg = Release|Any CPU
		{88B0A64D-20C2-40E0-9E0E-424E52121BD6}.Release|Any CPU.Build.0 = Release|Any CPU
		{182322C5-8204-486A-A5DC-ECDE1F89FEC8}.Debug|Any CPU.ActiveCfg = Debug|Any CPU
		{182322C5-8204-486A-A5DC-ECDE1F89FEC8}.Debug|Any CPU.Build.0 = Debug|Any CPU
		{182322C5-8204-486A-A5DC-ECDE1F89FEC8}.Release|Any CPU.ActiveCfg = Release|Any CPU
		{182322C5-8204-486A-A5DC-ECDE1F89FEC8}.Release|Any CPU.Build.0 = Release|Any CPU
	EndGlobalSection
	GlobalSection(SolutionProperties) = preSolution
		HideSolutionNode = FALSE
	EndGlobalSection
	GlobalSection(NestedProjects) = preSolution
		{DC48B46C-F52B-4147-9FBE-8CBC0BEB6F04} = {F16C4997-489A-4F75-92CB-06AAE19B6327}
		{85AF7696-7DBF-438F-A6C6-73BE456915E7} = {DFAE188F-8843-452D-B404-A5F2DEFF3A0E}
		{DCA867E9-2676-4E9A-A65D-B2E7225C49D0} = {DFAE188F-8843-452D-B404-A5F2DEFF3A0E}
		{277BE9B0-D1BD-47D1-935C-0495C017241A} = {DFAE188F-8843-452D-B404-A5F2DEFF3A0E}
		{E120428C-4800-4A59-ADAD-F3C605572E71} = {DFAE188F-8843-452D-B404-A5F2DEFF3A0E}
		{88B0A64D-20C2-40E0-9E0E-424E52121BD6} = {74801AD8-4B9F-4817-B1E6-40FA92C63C39}
		{182322C5-8204-486A-A5DC-ECDE1F89FEC8} = {DFAE188F-8843-452D-B404-A5F2DEFF3A0E}
	EndGlobalSection
	GlobalSection(ExtensibilityGlobals) = postSolution
		SolutionGuid = {753C0A39-0AAC-431C-BA80-F4DBE391A75D}
	EndGlobalSection
EndGlobal
